// !$*UTF8*$!
{
	archiveVersion = 1;
	classes = {
	};
	objectVersion = 50;
	objects = {

/* Begin PBXBuildFile section */
		3413A55D2140BF4B00245C46 /* InputViewController.swift in Sources */ = {isa = PBXBuildFile; fileRef = 3413A55B2140BF4B00245C46 /* InputViewController.swift */; };
		3413A55E2140BF4B00245C46 /* InputViewController.xib in Resources */ = {isa = PBXBuildFile; fileRef = 3413A55C2140BF4B00245C46 /* InputViewController.xib */; };
		3413A5602140BFB900245C46 /* InputViewModel.swift in Sources */ = {isa = PBXBuildFile; fileRef = 3413A55F2140BFB900245C46 /* InputViewModel.swift */; };
		3413A5632140D6FB00245C46 /* NumericTextfieldDelegate.swift in Sources */ = {isa = PBXBuildFile; fileRef = 3413A5622140D6FB00245C46 /* NumericTextfieldDelegate.swift */; };
		3413A5652140D89900245C46 /* CharacterSet+MoreSets.swift in Sources */ = {isa = PBXBuildFile; fileRef = 3413A5642140D89900245C46 /* CharacterSet+MoreSets.swift */; };
		3413A5672140E0BC00245C46 /* AutoNextTextFieldDelegate.swift in Sources */ = {isa = PBXBuildFile; fileRef = 3413A5662140E0BC00245C46 /* AutoNextTextFieldDelegate.swift */; };
		3413A5692140E0D600245C46 /* ComposableTextfieldDelegate.swift in Sources */ = {isa = PBXBuildFile; fileRef = 3413A5682140E0D600245C46 /* ComposableTextfieldDelegate.swift */; };
		341EE5C12143957C00CB7D53 /* RxSwiftExt.framework in Frameworks */ = {isa = PBXBuildFile; fileRef = 341EE5C02143957C00CB7D53 /* RxSwiftExt.framework */; };
		341EE5C32143A94A00CB7D53 /* GuaXiangViewLayout.swift in Sources */ = {isa = PBXBuildFile; fileRef = 341EE5C22143A94A00CB7D53 /* GuaXiangViewLayout.swift */; };
		346334462148A52F001D462B /* Array+Convert.swift in Sources */ = {isa = PBXBuildFile; fileRef = 346334452148A52F001D462B /* Array+Convert.swift */; };
		346334482148A66E001D462B /* Container+Operator.swift in Sources */ = {isa = PBXBuildFile; fileRef = 346334472148A66E001D462B /* Container+Operator.swift */; };
		3463344B2148A914001D462B /* ShiYingYaoView.swift in Sources */ = {isa = PBXBuildFile; fileRef = 3463344A2148A914001D462B /* ShiYingYaoView.swift */; };
		3463344D2148B147001D462B /* SixLabelView.swift in Sources */ = {isa = PBXBuildFile; fileRef = 3463344C2148B147001D462B /* SixLabelView.swift */; };
		3463344F2148BD4B001D462B /* HeaderLabelView.swift in Sources */ = {isa = PBXBuildFile; fileRef = 3463344E2148BD4B001D462B /* HeaderLabelView.swift */; };
		3467E8872149EB0200955D69 /* HorizontalDividersView.swift in Sources */ = {isa = PBXBuildFile; fileRef = 3467E8862149EB0200955D69 /* HorizontalDividersView.swift */; };
		34A13D4D214222E700D77D98 /* IntegerLiuYaoConverter.swift in Sources */ = {isa = PBXBuildFile; fileRef = 34A13D4C214222E700D77D98 /* IntegerLiuYaoConverter.swift */; };
		34A13D4F2142294D00D77D98 /* Int+Conversion.swift in Sources */ = {isa = PBXBuildFile; fileRef = 34A13D4E2142294D00D77D98 /* Int+Conversion.swift */; };
		34EC158A2153426B00378758 /* ThemeManager.swift in Sources */ = {isa = PBXBuildFile; fileRef = 34EC15892153426B00378758 /* ThemeManager.swift */; };
		34F3E4F92150945C00A9BA2B /* Localizable.strings in Resources */ = {isa = PBXBuildFile; fileRef = 34F3E4FB2150945C00A9BA2B /* Localizable.strings */; };
		34F3E4FF2150A84F00A9BA2B /* Rx+Operators.swift in Sources */ = {isa = PBXBuildFile; fileRef = 34F3E4FE2150A84F00A9BA2B /* Rx+Operators.swift */; };
		9B273D3321390ABD00BDFBE3 /* SnapKit.framework in Frameworks */ = {isa = PBXBuildFile; fileRef = 9B273D3221390ABD00BDFBE3 /* SnapKit.framework */; };
		9B933EF12134E529004DCD3F /* AppDelegate.swift in Sources */ = {isa = PBXBuildFile; fileRef = 9B933EF02134E529004DCD3F /* AppDelegate.swift */; };
		9B933EF32134E529004DCD3F /* ViewController.swift in Sources */ = {isa = PBXBuildFile; fileRef = 9B933EF22134E529004DCD3F /* ViewController.swift */; };
		9B933EF62134E529004DCD3F /* Main.storyboard in Resources */ = {isa = PBXBuildFile; fileRef = 9B933EF42134E529004DCD3F /* Main.storyboard */; };
		9B933EF82134E52A004DCD3F /* Assets.xcassets in Resources */ = {isa = PBXBuildFile; fileRef = 9B933EF72134E52A004DCD3F /* Assets.xcassets */; };
		9B933EFB2134E52A004DCD3F /* LaunchScreen.storyboard in Resources */ = {isa = PBXBuildFile; fileRef = 9B933EF92134E52A004DCD3F /* LaunchScreen.storyboard */; };
		9B933F062134E52A004DCD3F /* BuGuaAppTests.swift in Sources */ = {isa = PBXBuildFile; fileRef = 9B933F052134E52A004DCD3F /* BuGuaAppTests.swift */; };
		9B933F112134E52A004DCD3F /* BuGuaAppUITests.swift in Sources */ = {isa = PBXBuildFile; fileRef = 9B933F102134E52A004DCD3F /* BuGuaAppUITests.swift */; };
		9B933F3B2134EB01004DCD3F /* FuXiBaGuaView.swift in Sources */ = {isa = PBXBuildFile; fileRef = 9B933F3A2134EB01004DCD3F /* FuXiBaGuaView.swift */; };
		9B933F3F2134EBBE004DCD3F /* UIView+NibLoadable.swift in Sources */ = {isa = PBXBuildFile; fileRef = 9B933F3E2134EBBE004DCD3F /* UIView+NibLoadable.swift */; };
		9B933F412134F054004DCD3F /* FuXiBaGuaView.xib in Resources */ = {isa = PBXBuildFile; fileRef = 9B933F402134F054004DCD3F /* FuXiBaGuaView.xib */; };
		9B933F592135034B004DCD3F /* BuGuaKit.framework in Embed Frameworks */ = {isa = PBXBuildFile; fileRef = 9B933F582135034B004DCD3F /* BuGuaKit.framework */; settings = {ATTRIBUTES = (CodeSignOnCopy, RemoveHeadersOnCopy, ); }; };
		9B933F5B2135A8B0004DCD3F /* GuaXiangView.swift in Sources */ = {isa = PBXBuildFile; fileRef = 9B933F5A2135A8B0004DCD3F /* GuaXiangView.swift */; };
		9B933F6421364AD4004DCD3F /* RxCocoa.framework in Frameworks */ = {isa = PBXBuildFile; fileRef = 9B933F6021364AD4004DCD3F /* RxCocoa.framework */; };
		9B933F6521364AD4004DCD3F /* RxSwift.framework in Frameworks */ = {isa = PBXBuildFile; fileRef = 9B933F6121364AD4004DCD3F /* RxSwift.framework */; };
		9B933F67213651FF004DCD3F /* RxBlocking.framework in Frameworks */ = {isa = PBXBuildFile; fileRef = 9B933F5E21364AD4004DCD3F /* RxBlocking.framework */; };
		9B933F6821365201004DCD3F /* RxTest.framework in Frameworks */ = {isa = PBXBuildFile; fileRef = 9B933F5F21364AD4004DCD3F /* RxTest.framework */; };
		9B933F6A21365262004DCD3F /* RxBlocking.framework in CopyFiles */ = {isa = PBXBuildFile; fileRef = 9B933F5E21364AD4004DCD3F /* RxBlocking.framework */; settings = {ATTRIBUTES = (CodeSignOnCopy, RemoveHeadersOnCopy, ); }; };
		9B933F6B21365266004DCD3F /* RxTest.framework in CopyFiles */ = {isa = PBXBuildFile; fileRef = 9B933F5F21364AD4004DCD3F /* RxTest.framework */; settings = {ATTRIBUTES = (CodeSignOnCopy, RemoveHeadersOnCopy, ); }; };
		9B933F6D2136537A004DCD3F /* UIView+Layout.swift in Sources */ = {isa = PBXBuildFile; fileRef = 9B933F6C2136537A004DCD3F /* UIView+Layout.swift */; };
		9B933F6F213794F7004DCD3F /* UIFont+AppFont.swift in Sources */ = {isa = PBXBuildFile; fileRef = 9B933F6E213794F7004DCD3F /* UIFont+AppFont.swift */; };
		9B933F712137976C004DCD3F /* Colors.xcassets in Resources */ = {isa = PBXBuildFile; fileRef = 9B933F702137976C004DCD3F /* Colors.xcassets */; };
		9B933F73213797A2004DCD3F /* UIColor+AppColors.swift in Sources */ = {isa = PBXBuildFile; fileRef = 9B933F72213797A2004DCD3F /* UIColor+AppColors.swift */; };
		9B933F772137A8C3004DCD3F /* YaoView.swift in Sources */ = {isa = PBXBuildFile; fileRef = 9B933F762137A8C3004DCD3F /* YaoView.swift */; };
		9B933F792138DEE2004DCD3F /* CGPoint+Math.swift in Sources */ = {isa = PBXBuildFile; fileRef = 9B933F782138DEE2004DCD3F /* CGPoint+Math.swift */; };
		9B933F7B2138DF3B004DCD3F /* CGRect+Points.swift in Sources */ = {isa = PBXBuildFile; fileRef = 9B933F7A2138DF3B004DCD3F /* CGRect+Points.swift */; };
		9B933F7D2138DF75004DCD3F /* CGSize+Points.swift in Sources */ = {isa = PBXBuildFile; fileRef = 9B933F7C2138DF75004DCD3F /* CGSize+Points.swift */; };
		9BCB3609213E011800F7FDDE /* String+Vertical.swift in Sources */ = {isa = PBXBuildFile; fileRef = 9BCB3608213E011800F7FDDE /* String+Vertical.swift */; };
		9BCB360D213E148200F7FDDE /* GuaXiangViewController.swift in Sources */ = {isa = PBXBuildFile; fileRef = 9BCB360C213E148200F7FDDE /* GuaXiangViewController.swift */; };
		9BCB3611213E150500F7FDDE /* GuaXiangViewController.xib in Resources */ = {isa = PBXBuildFile; fileRef = 9BCB3610213E150500F7FDDE /* GuaXiangViewController.xib */; };
		9BCB3614213E234000F7FDDE /* AppCoordinator.swift in Sources */ = {isa = PBXBuildFile; fileRef = 9BCB3613213E234000F7FDDE /* AppCoordinator.swift */; };
		9BCB3616213E254900F7FDDE /* AppFactory.swift in Sources */ = {isa = PBXBuildFile; fileRef = 9BCB3615213E254900F7FDDE /* AppFactory.swift */; };
		9BCB3618213E2A5800F7FDDE /* GuaXiangCoordinator.swift in Sources */ = {isa = PBXBuildFile; fileRef = 9BCB3617213E2A5800F7FDDE /* GuaXiangCoordinator.swift */; };
		9BCB361A213E30D700F7FDDE /* GuaXiangViewModel.swift in Sources */ = {isa = PBXBuildFile; fileRef = 9BCB3619213E30D700F7FDDE /* GuaXiangViewModel.swift */; };
		9BCE8861214EF5220024FEF7 /* GuaXiangInputCoordinator.swift in Sources */ = {isa = PBXBuildFile; fileRef = 9BCE8860214EF5220024FEF7 /* GuaXiangInputCoordinator.swift */; };
		9BCE8863214F0A590024FEF7 /* GuaXiangInputCoordinatorModel.swift in Sources */ = {isa = PBXBuildFile; fileRef = 9BCE8862214F0A590024FEF7 /* GuaXiangInputCoordinatorModel.swift */; };
		9BCE8867214F11960024FEF7 /* Coordinator.swift in Sources */ = {isa = PBXBuildFile; fileRef = 9BCE8866214F11960024FEF7 /* Coordinator.swift */; };
		9BCE8869214F133F0024FEF7 /* DateInputViewController.swift in Sources */ = {isa = PBXBuildFile; fileRef = 9BCE8868214F133F0024FEF7 /* DateInputViewController.swift */; };
		9BCE886C214F13780024FEF7 /* DateInputViewModel.swift in Sources */ = {isa = PBXBuildFile; fileRef = 9BCE886B214F13780024FEF7 /* DateInputViewModel.swift */; };
		9BCE886E214F13820024FEF7 /* DateInputViewController.xib in Resources */ = {isa = PBXBuildFile; fileRef = 9BCE886D214F13820024FEF7 /* DateInputViewController.xib */; };
		9BCE8874214F2E220024FEF7 /* DateGanZhiViewController.swift in Sources */ = {isa = PBXBuildFile; fileRef = 9BCE8872214F2E220024FEF7 /* DateGanZhiViewController.swift */; };
		9BCE8875214F2E220024FEF7 /* DateGanZhiViewController.xib in Resources */ = {isa = PBXBuildFile; fileRef = 9BCE8873214F2E220024FEF7 /* DateGanZhiViewController.xib */; };
		9BCE8877214F2EB10024FEF7 /* DateGanZhiViewModel.swift in Sources */ = {isa = PBXBuildFile; fileRef = 9BCE8876214F2EB10024FEF7 /* DateGanZhiViewModel.swift */; };
/* End PBXBuildFile section */

/* Begin PBXContainerItemProxy section */
		9B933F022134E52A004DCD3F /* PBXContainerItemProxy */ = {
			isa = PBXContainerItemProxy;
			containerPortal = 9B933EE52134E529004DCD3F /* Project object */;
			proxyType = 1;
			remoteGlobalIDString = 9B933EEC2134E529004DCD3F;
			remoteInfo = BuGuaApp;
		};
		9B933F0D2134E52A004DCD3F /* PBXContainerItemProxy */ = {
			isa = PBXContainerItemProxy;
			containerPortal = 9B933EE52134E529004DCD3F /* Project object */;
			proxyType = 1;
			remoteGlobalIDString = 9B933EEC2134E529004DCD3F;
			remoteInfo = BuGuaApp;
		};
/* End PBXContainerItemProxy section */

/* Begin PBXCopyFilesBuildPhase section */
		9B933F442134FD9A004DCD3F /* Embed Frameworks */ = {
			isa = PBXCopyFilesBuildPhase;
			buildActionMask = 2147483647;
			dstPath = "";
			dstSubfolderSpec = 10;
			files = (
				9B933F592135034B004DCD3F /* BuGuaKit.framework in Embed Frameworks */,
			);
			name = "Embed Frameworks";
			runOnlyForDeploymentPostprocessing = 0;
		};
		9B933F6921365254004DCD3F /* CopyFiles */ = {
			isa = PBXCopyFilesBuildPhase;
			buildActionMask = 2147483647;
			dstPath = "";
			dstSubfolderSpec = 10;
			files = (
				9B933F6B21365266004DCD3F /* RxTest.framework in CopyFiles */,
				9B933F6A21365262004DCD3F /* RxBlocking.framework in CopyFiles */,
			);
			runOnlyForDeploymentPostprocessing = 0;
		};
/* End PBXCopyFilesBuildPhase section */

/* Begin PBXFileReference section */
		3413A55B2140BF4B00245C46 /* InputViewController.swift */ = {isa = PBXFileReference; lastKnownFileType = sourcecode.swift; path = InputViewController.swift; sourceTree = "<group>"; };
		3413A55C2140BF4B00245C46 /* InputViewController.xib */ = {isa = PBXFileReference; lastKnownFileType = file.xib; path = InputViewController.xib; sourceTree = "<group>"; };
		3413A55F2140BFB900245C46 /* InputViewModel.swift */ = {isa = PBXFileReference; lastKnownFileType = sourcecode.swift; path = InputViewModel.swift; sourceTree = "<group>"; };
		3413A5622140D6FB00245C46 /* NumericTextfieldDelegate.swift */ = {isa = PBXFileReference; lastKnownFileType = sourcecode.swift; path = NumericTextfieldDelegate.swift; sourceTree = "<group>"; };
		3413A5642140D89900245C46 /* CharacterSet+MoreSets.swift */ = {isa = PBXFileReference; lastKnownFileType = sourcecode.swift; path = "CharacterSet+MoreSets.swift"; sourceTree = "<group>"; };
		3413A5662140E0BC00245C46 /* AutoNextTextFieldDelegate.swift */ = {isa = PBXFileReference; lastKnownFileType = sourcecode.swift; path = AutoNextTextFieldDelegate.swift; sourceTree = "<group>"; };
		3413A5682140E0D600245C46 /* ComposableTextfieldDelegate.swift */ = {isa = PBXFileReference; lastKnownFileType = sourcecode.swift; path = ComposableTextfieldDelegate.swift; sourceTree = "<group>"; };
		341EE5C02143957C00CB7D53 /* RxSwiftExt.framework */ = {isa = PBXFileReference; lastKnownFileType = wrapper.framework; name = RxSwiftExt.framework; path = Carthage/Build/iOS/RxSwiftExt.framework; sourceTree = "<group>"; };
		341EE5C22143A94A00CB7D53 /* GuaXiangViewLayout.swift */ = {isa = PBXFileReference; lastKnownFileType = sourcecode.swift; path = GuaXiangViewLayout.swift; sourceTree = "<group>"; };
		346334452148A52F001D462B /* Array+Convert.swift */ = {isa = PBXFileReference; lastKnownFileType = sourcecode.swift; path = "Array+Convert.swift"; sourceTree = "<group>"; };
		346334472148A66E001D462B /* Container+Operator.swift */ = {isa = PBXFileReference; lastKnownFileType = sourcecode.swift; path = "Container+Operator.swift"; sourceTree = "<group>"; };
		3463344A2148A914001D462B /* ShiYingYaoView.swift */ = {isa = PBXFileReference; lastKnownFileType = sourcecode.swift; path = ShiYingYaoView.swift; sourceTree = "<group>"; };
		3463344C2148B147001D462B /* SixLabelView.swift */ = {isa = PBXFileReference; lastKnownFileType = sourcecode.swift; path = SixLabelView.swift; sourceTree = "<group>"; };
		3463344E2148BD4B001D462B /* HeaderLabelView.swift */ = {isa = PBXFileReference; lastKnownFileType = sourcecode.swift; path = HeaderLabelView.swift; sourceTree = "<group>"; };
		3467E8862149EB0200955D69 /* HorizontalDividersView.swift */ = {isa = PBXFileReference; lastKnownFileType = sourcecode.swift; path = HorizontalDividersView.swift; sourceTree = "<group>"; };
		34A13D4C214222E700D77D98 /* IntegerLiuYaoConverter.swift */ = {isa = PBXFileReference; lastKnownFileType = sourcecode.swift; path = IntegerLiuYaoConverter.swift; sourceTree = "<group>"; };
		34A13D4E2142294D00D77D98 /* Int+Conversion.swift */ = {isa = PBXFileReference; lastKnownFileType = sourcecode.swift; path = "Int+Conversion.swift"; sourceTree = "<group>"; };
		34EC15892153426B00378758 /* ThemeManager.swift */ = {isa = PBXFileReference; lastKnownFileType = sourcecode.swift; path = ThemeManager.swift; sourceTree = "<group>"; };
		34F3E4F52150926E00A9BA2B /* zh-Hant */ = {isa = PBXFileReference; lastKnownFileType = text.plist.strings; name = "zh-Hant"; path = "zh-Hant.lproj/Main.strings"; sourceTree = "<group>"; };
		34F3E4F62150926F00A9BA2B /* zh-Hant */ = {isa = PBXFileReference; lastKnownFileType = text.plist.strings; name = "zh-Hant"; path = "zh-Hant.lproj/LaunchScreen.strings"; sourceTree = "<group>"; };
		34F3E4FA2150945C00A9BA2B /* zh-Hant */ = {isa = PBXFileReference; lastKnownFileType = text.plist.strings; name = "zh-Hant"; path = "zh-Hant.lproj/Localizable.strings"; sourceTree = "<group>"; };
		34F3E4FD2150953800A9BA2B /* en */ = {isa = PBXFileReference; lastKnownFileType = text.plist.strings; name = en; path = en.lproj/Localizable.strings; sourceTree = "<group>"; };
		34F3E4FE2150A84F00A9BA2B /* Rx+Operators.swift */ = {isa = PBXFileReference; lastKnownFileType = sourcecode.swift; path = "Rx+Operators.swift"; sourceTree = "<group>"; };
		9B273D3221390ABD00BDFBE3 /* SnapKit.framework */ = {isa = PBXFileReference; lastKnownFileType = wrapper.framework; name = SnapKit.framework; path = Carthage/Build/iOS/SnapKit.framework; sourceTree = "<group>"; };
		9B933EED2134E529004DCD3F /* BuGuaApp.app */ = {isa = PBXFileReference; explicitFileType = wrapper.application; includeInIndex = 0; path = BuGuaApp.app; sourceTree = BUILT_PRODUCTS_DIR; };
		9B933EF02134E529004DCD3F /* AppDelegate.swift */ = {isa = PBXFileReference; lastKnownFileType = sourcecode.swift; path = AppDelegate.swift; sourceTree = "<group>"; };
		9B933EF22134E529004DCD3F /* ViewController.swift */ = {isa = PBXFileReference; lastKnownFileType = sourcecode.swift; path = ViewController.swift; sourceTree = "<group>"; };
		9B933EF52134E529004DCD3F /* Base */ = {isa = PBXFileReference; lastKnownFileType = file.storyboard; name = Base; path = Base.lproj/Main.storyboard; sourceTree = "<group>"; };
		9B933EF72134E52A004DCD3F /* Assets.xcassets */ = {isa = PBXFileReference; lastKnownFileType = folder.assetcatalog; path = Assets.xcassets; sourceTree = "<group>"; };
		9B933EFA2134E52A004DCD3F /* Base */ = {isa = PBXFileReference; lastKnownFileType = file.storyboard; name = Base; path = Base.lproj/LaunchScreen.storyboard; sourceTree = "<group>"; };
		9B933EFC2134E52A004DCD3F /* Info.plist */ = {isa = PBXFileReference; lastKnownFileType = text.plist.xml; path = Info.plist; sourceTree = "<group>"; };
		9B933F012134E52A004DCD3F /* BuGuaAppTests.xctest */ = {isa = PBXFileReference; explicitFileType = wrapper.cfbundle; includeInIndex = 0; path = BuGuaAppTests.xctest; sourceTree = BUILT_PRODUCTS_DIR; };
		9B933F052134E52A004DCD3F /* BuGuaAppTests.swift */ = {isa = PBXFileReference; lastKnownFileType = sourcecode.swift; path = BuGuaAppTests.swift; sourceTree = "<group>"; };
		9B933F072134E52A004DCD3F /* Info.plist */ = {isa = PBXFileReference; lastKnownFileType = text.plist.xml; path = Info.plist; sourceTree = "<group>"; };
		9B933F0C2134E52A004DCD3F /* BuGuaAppUITests.xctest */ = {isa = PBXFileReference; explicitFileType = wrapper.cfbundle; includeInIndex = 0; path = BuGuaAppUITests.xctest; sourceTree = BUILT_PRODUCTS_DIR; };
		9B933F102134E52A004DCD3F /* BuGuaAppUITests.swift */ = {isa = PBXFileReference; lastKnownFileType = sourcecode.swift; path = BuGuaAppUITests.swift; sourceTree = "<group>"; };
		9B933F122134E52A004DCD3F /* Info.plist */ = {isa = PBXFileReference; lastKnownFileType = text.plist.xml; path = Info.plist; sourceTree = "<group>"; };
		9B933F3A2134EB01004DCD3F /* FuXiBaGuaView.swift */ = {isa = PBXFileReference; lastKnownFileType = sourcecode.swift; path = FuXiBaGuaView.swift; sourceTree = "<group>"; };
		9B933F3E2134EBBE004DCD3F /* UIView+NibLoadable.swift */ = {isa = PBXFileReference; lastKnownFileType = sourcecode.swift; path = "UIView+NibLoadable.swift"; sourceTree = "<group>"; };
		9B933F402134F054004DCD3F /* FuXiBaGuaView.xib */ = {isa = PBXFileReference; lastKnownFileType = file.xib; path = FuXiBaGuaView.xib; sourceTree = "<group>"; };
		9B933F582135034B004DCD3F /* BuGuaKit.framework */ = {isa = PBXFileReference; lastKnownFileType = wrapper.framework; path = BuGuaKit.framework; sourceTree = "<group>"; };
		9B933F5A2135A8B0004DCD3F /* GuaXiangView.swift */ = {isa = PBXFileReference; lastKnownFileType = sourcecode.swift; path = GuaXiangView.swift; sourceTree = "<group>"; };
		9B933F5E21364AD4004DCD3F /* RxBlocking.framework */ = {isa = PBXFileReference; lastKnownFileType = wrapper.framework; name = RxBlocking.framework; path = Carthage/Build/iOS/RxBlocking.framework; sourceTree = "<group>"; };
		9B933F5F21364AD4004DCD3F /* RxTest.framework */ = {isa = PBXFileReference; lastKnownFileType = wrapper.framework; name = RxTest.framework; path = Carthage/Build/iOS/RxTest.framework; sourceTree = "<group>"; };
		9B933F6021364AD4004DCD3F /* RxCocoa.framework */ = {isa = PBXFileReference; lastKnownFileType = wrapper.framework; name = RxCocoa.framework; path = Carthage/Build/iOS/RxCocoa.framework; sourceTree = "<group>"; };
		9B933F6121364AD4004DCD3F /* RxSwift.framework */ = {isa = PBXFileReference; lastKnownFileType = wrapper.framework; name = RxSwift.framework; path = Carthage/Build/iOS/RxSwift.framework; sourceTree = "<group>"; };
		9B933F6C2136537A004DCD3F /* UIView+Layout.swift */ = {isa = PBXFileReference; lastKnownFileType = sourcecode.swift; path = "UIView+Layout.swift"; sourceTree = "<group>"; };
		9B933F6E213794F7004DCD3F /* UIFont+AppFont.swift */ = {isa = PBXFileReference; lastKnownFileType = sourcecode.swift; path = "UIFont+AppFont.swift"; sourceTree = "<group>"; };
		9B933F702137976C004DCD3F /* Colors.xcassets */ = {isa = PBXFileReference; lastKnownFileType = folder.assetcatalog; path = Colors.xcassets; sourceTree = "<group>"; };
		9B933F72213797A2004DCD3F /* UIColor+AppColors.swift */ = {isa = PBXFileReference; lastKnownFileType = sourcecode.swift; path = "UIColor+AppColors.swift"; sourceTree = "<group>"; };
		9B933F762137A8C3004DCD3F /* YaoView.swift */ = {isa = PBXFileReference; lastKnownFileType = sourcecode.swift; path = YaoView.swift; sourceTree = "<group>"; };
		9B933F782138DEE2004DCD3F /* CGPoint+Math.swift */ = {isa = PBXFileReference; lastKnownFileType = sourcecode.swift; path = "CGPoint+Math.swift"; sourceTree = "<group>"; };
		9B933F7A2138DF3B004DCD3F /* CGRect+Points.swift */ = {isa = PBXFileReference; lastKnownFileType = sourcecode.swift; path = "CGRect+Points.swift"; sourceTree = "<group>"; };
		9B933F7C2138DF75004DCD3F /* CGSize+Points.swift */ = {isa = PBXFileReference; lastKnownFileType = sourcecode.swift; path = "CGSize+Points.swift"; sourceTree = "<group>"; };
		9BCB3608213E011800F7FDDE /* String+Vertical.swift */ = {isa = PBXFileReference; lastKnownFileType = sourcecode.swift; path = "String+Vertical.swift"; sourceTree = "<group>"; };
		9BCB360C213E148200F7FDDE /* GuaXiangViewController.swift */ = {isa = PBXFileReference; lastKnownFileType = sourcecode.swift; path = GuaXiangViewController.swift; sourceTree = "<group>"; };
		9BCB3610213E150500F7FDDE /* GuaXiangViewController.xib */ = {isa = PBXFileReference; lastKnownFileType = file.xib; path = GuaXiangViewController.xib; sourceTree = "<group>"; };
		9BCB3613213E234000F7FDDE /* AppCoordinator.swift */ = {isa = PBXFileReference; lastKnownFileType = sourcecode.swift; path = AppCoordinator.swift; sourceTree = "<group>"; };
		9BCB3615213E254900F7FDDE /* AppFactory.swift */ = {isa = PBXFileReference; lastKnownFileType = sourcecode.swift; path = AppFactory.swift; sourceTree = "<group>"; };
		9BCB3617213E2A5800F7FDDE /* GuaXiangCoordinator.swift */ = {isa = PBXFileReference; lastKnownFileType = sourcecode.swift; path = GuaXiangCoordinator.swift; sourceTree = "<group>"; };
		9BCB3619213E30D700F7FDDE /* GuaXiangViewModel.swift */ = {isa = PBXFileReference; lastKnownFileType = sourcecode.swift; path = GuaXiangViewModel.swift; sourceTree = "<group>"; };
		9BCE8860214EF5220024FEF7 /* GuaXiangInputCoordinator.swift */ = {isa = PBXFileReference; lastKnownFileType = sourcecode.swift; path = GuaXiangInputCoordinator.swift; sourceTree = "<group>"; };
		9BCE8862214F0A590024FEF7 /* GuaXiangInputCoordinatorModel.swift */ = {isa = PBXFileReference; lastKnownFileType = sourcecode.swift; path = GuaXiangInputCoordinatorModel.swift; sourceTree = "<group>"; };
		9BCE8866214F11960024FEF7 /* Coordinator.swift */ = {isa = PBXFileReference; lastKnownFileType = sourcecode.swift; path = Coordinator.swift; sourceTree = "<group>"; };
		9BCE8868214F133F0024FEF7 /* DateInputViewController.swift */ = {isa = PBXFileReference; lastKnownFileType = sourcecode.swift; path = DateInputViewController.swift; sourceTree = "<group>"; };
		9BCE886B214F13780024FEF7 /* DateInputViewModel.swift */ = {isa = PBXFileReference; lastKnownFileType = sourcecode.swift; path = DateInputViewModel.swift; sourceTree = "<group>"; };
		9BCE886D214F13820024FEF7 /* DateInputViewController.xib */ = {isa = PBXFileReference; lastKnownFileType = file.xib; path = DateInputViewController.xib; sourceTree = "<group>"; };
		9BCE8872214F2E220024FEF7 /* DateGanZhiViewController.swift */ = {isa = PBXFileReference; lastKnownFileType = sourcecode.swift; path = DateGanZhiViewController.swift; sourceTree = "<group>"; };
		9BCE8873214F2E220024FEF7 /* DateGanZhiViewController.xib */ = {isa = PBXFileReference; lastKnownFileType = file.xib; path = DateGanZhiViewController.xib; sourceTree = "<group>"; };
		9BCE8876214F2EB10024FEF7 /* DateGanZhiViewModel.swift */ = {isa = PBXFileReference; lastKnownFileType = sourcecode.swift; path = DateGanZhiViewModel.swift; sourceTree = "<group>"; };
/* End PBXFileReference section */

/* Begin PBXFrameworksBuildPhase section */
		9B933EEA2134E529004DCD3F /* Frameworks */ = {
			isa = PBXFrameworksBuildPhase;
			buildActionMask = 2147483647;
			files = (
				341EE5C12143957C00CB7D53 /* RxSwiftExt.framework in Frameworks */,
				9B273D3321390ABD00BDFBE3 /* SnapKit.framework in Frameworks */,
				9B933F6521364AD4004DCD3F /* RxSwift.framework in Frameworks */,
				9B933F6421364AD4004DCD3F /* RxCocoa.framework in Frameworks */,
			);
			runOnlyForDeploymentPostprocessing = 0;
		};
		9B933EFE2134E52A004DCD3F /* Frameworks */ = {
			isa = PBXFrameworksBuildPhase;
			buildActionMask = 2147483647;
			files = (
				9B933F67213651FF004DCD3F /* RxBlocking.framework in Frameworks */,
				9B933F6821365201004DCD3F /* RxTest.framework in Frameworks */,
			);
			runOnlyForDeploymentPostprocessing = 0;
		};
		9B933F092134E52A004DCD3F /* Frameworks */ = {
			isa = PBXFrameworksBuildPhase;
			buildActionMask = 2147483647;
			files = (
			);
			runOnlyForDeploymentPostprocessing = 0;
		};
/* End PBXFrameworksBuildPhase section */

/* Begin PBXGroup section */
		3413A5612140D6E700245C46 /* Components */ = {
			isa = PBXGroup;
			children = (
				9BCE886A214F13450024FEF7 /* ViewControllers */,
				3413A5622140D6FB00245C46 /* NumericTextfieldDelegate.swift */,
				3413A5662140E0BC00245C46 /* AutoNextTextFieldDelegate.swift */,
				3413A5682140E0D600245C46 /* ComposableTextfieldDelegate.swift */,
				34A13D4C214222E700D77D98 /* IntegerLiuYaoConverter.swift */,
			);
			name = Components;
			sourceTree = "<group>";
		};
		346334492148A89B001D462B /* GuaXiang */ = {
			isa = PBXGroup;
			children = (
				9B933F5A2135A8B0004DCD3F /* GuaXiangView.swift */,
				341EE5C22143A94A00CB7D53 /* GuaXiangViewLayout.swift */,
				3463344A2148A914001D462B /* ShiYingYaoView.swift */,
				3463344C2148B147001D462B /* SixLabelView.swift */,
				3463344E2148BD4B001D462B /* HeaderLabelView.swift */,
				3467E8862149EB0200955D69 /* HorizontalDividersView.swift */,
			);
			name = GuaXiang;
			sourceTree = "<group>";
		};
		9B933EE42134E529004DCD3F = {
			isa = PBXGroup;
			children = (
				9B933EEF2134E529004DCD3F /* BuGuaApp */,
				9B933F042134E52A004DCD3F /* BuGuaAppTests */,
				9B933F0F2134E52A004DCD3F /* BuGuaAppUITests */,
				9B933EEE2134E529004DCD3F /* Products */,
				9B933F472135008A004DCD3F /* Frameworks */,
			);
			sourceTree = "<group>";
		};
		9B933EEE2134E529004DCD3F /* Products */ = {
			isa = PBXGroup;
			children = (
				9B933EED2134E529004DCD3F /* BuGuaApp.app */,
				9B933F012134E52A004DCD3F /* BuGuaAppTests.xctest */,
				9B933F0C2134E52A004DCD3F /* BuGuaAppUITests.xctest */,
			);
			name = Products;
			sourceTree = "<group>";
		};
		9B933EEF2134E529004DCD3F /* BuGuaApp */ = {
			isa = PBXGroup;
			children = (
				9B933EF02134E529004DCD3F /* AppDelegate.swift */,
				9BCB3615213E254900F7FDDE /* AppFactory.swift */,
				9B933EF22134E529004DCD3F /* ViewController.swift */,
				9B933EF42134E529004DCD3F /* Main.storyboard */,
				9BCE8865214F11330024FEF7 /* GuaXiangFlow */,
				9BCB3612213E227700F7FDDE /* Coordinators */,
				9B933F3C2134EB58004DCD3F /* Views */,
				3413A5612140D6E700245C46 /* Components */,
				9B933F3D2134EB64004DCD3F /* Extensions */,
				9B933EF72134E52A004DCD3F /* Assets.xcassets */,
				9B933F702137976C004DCD3F /* Colors.xcassets */,
				9B933EF92134E52A004DCD3F /* LaunchScreen.storyboard */,
				9B933EFC2134E52A004DCD3F /* Info.plist */,
				34F3E4FB2150945C00A9BA2B /* Localizable.strings */,
			);
			path = BuGuaApp;
			sourceTree = "<group>";
		};
		9B933F042134E52A004DCD3F /* BuGuaAppTests */ = {
			isa = PBXGroup;
			children = (
				9B933F052134E52A004DCD3F /* BuGuaAppTests.swift */,
				9B933F072134E52A004DCD3F /* Info.plist */,
			);
			path = BuGuaAppTests;
			sourceTree = "<group>";
		};
		9B933F0F2134E52A004DCD3F /* BuGuaAppUITests */ = {
			isa = PBXGroup;
			children = (
				9B933F102134E52A004DCD3F /* BuGuaAppUITests.swift */,
				9B933F122134E52A004DCD3F /* Info.plist */,
			);
			path = BuGuaAppUITests;
			sourceTree = "<group>";
		};
		9B933F3C2134EB58004DCD3F /* Views */ = {
			isa = PBXGroup;
			children = (
				346334492148A89B001D462B /* GuaXiang */,
				9B933F3A2134EB01004DCD3F /* FuXiBaGuaView.swift */,
				9B933F402134F054004DCD3F /* FuXiBaGuaView.xib */,
				9B933F762137A8C3004DCD3F /* YaoView.swift */,
				34EC15892153426B00378758 /* ThemeManager.swift */,
			);
			name = Views;
			sourceTree = "<group>";
		};
		9B933F3D2134EB64004DCD3F /* Extensions */ = {
			isa = PBXGroup;
			children = (
				346334452148A52F001D462B /* Array+Convert.swift */,
				9B933F782138DEE2004DCD3F /* CGPoint+Math.swift */,
				9B933F7A2138DF3B004DCD3F /* CGRect+Points.swift */,
				9B933F7C2138DF75004DCD3F /* CGSize+Points.swift */,
				3413A5642140D89900245C46 /* CharacterSet+MoreSets.swift */,
				34A13D4E2142294D00D77D98 /* Int+Conversion.swift */,
				9BCB3608213E011800F7FDDE /* String+Vertical.swift */,
				9B933F72213797A2004DCD3F /* UIColor+AppColors.swift */,
				9B933F6E213794F7004DCD3F /* UIFont+AppFont.swift */,
				9B933F6C2136537A004DCD3F /* UIView+Layout.swift */,
				9B933F3E2134EBBE004DCD3F /* UIView+NibLoadable.swift */,
				346334472148A66E001D462B /* Container+Operator.swift */,
				34F3E4FE2150A84F00A9BA2B /* Rx+Operators.swift */,
			);
			name = Extensions;
			sourceTree = "<group>";
		};
		9B933F472135008A004DCD3F /* Frameworks */ = {
			isa = PBXGroup;
			children = (
				341EE5C02143957C00CB7D53 /* RxSwiftExt.framework */,
				9B273D3221390ABD00BDFBE3 /* SnapKit.framework */,
				9B933F5E21364AD4004DCD3F /* RxBlocking.framework */,
				9B933F6021364AD4004DCD3F /* RxCocoa.framework */,
				9B933F6121364AD4004DCD3F /* RxSwift.framework */,
				9B933F5F21364AD4004DCD3F /* RxTest.framework */,
				9B933F582135034B004DCD3F /* BuGuaKit.framework */,
			);
			name = Frameworks;
			sourceTree = "<group>";
		};
		9BCB3612213E227700F7FDDE /* Coordinators */ = {
			isa = PBXGroup;
			children = (
				9BCE8866214F11960024FEF7 /* Coordinator.swift */,
				9BCB3613213E234000F7FDDE /* AppCoordinator.swift */,
			);
			name = Coordinators;
			sourceTree = "<group>";
		};
		9BCE8864214F11010024FEF7 /* GuaXiangInputFlow */ = {
			isa = PBXGroup;
			children = (
				9BCE8860214EF5220024FEF7 /* GuaXiangInputCoordinator.swift */,
				9BCE8862214F0A590024FEF7 /* GuaXiangInputCoordinatorModel.swift */,
				3413A55B2140BF4B00245C46 /* InputViewController.swift */,
				3413A55C2140BF4B00245C46 /* InputViewController.xib */,
				3413A55F2140BFB900245C46 /* InputViewModel.swift */,
				9BCE8872214F2E220024FEF7 /* DateGanZhiViewController.swift */,
				9BCE8873214F2E220024FEF7 /* DateGanZhiViewController.xib */,
				9BCE8876214F2EB10024FEF7 /* DateGanZhiViewModel.swift */,
			);
			name = GuaXiangInputFlow;
			sourceTree = "<group>";
		};
		9BCE8865214F11330024FEF7 /* GuaXiangFlow */ = {
			isa = PBXGroup;
			children = (
				9BCB3617213E2A5800F7FDDE /* GuaXiangCoordinator.swift */,
				9BCB360C213E148200F7FDDE /* GuaXiangViewController.swift */,
				9BCB3610213E150500F7FDDE /* GuaXiangViewController.xib */,
				9BCB3619213E30D700F7FDDE /* GuaXiangViewModel.swift */,
				9BCE8864214F11010024FEF7 /* GuaXiangInputFlow */,
			);
			name = GuaXiangFlow;
			sourceTree = "<group>";
		};
		9BCE886A214F13450024FEF7 /* ViewControllers */ = {
			isa = PBXGroup;
			children = (
				9BCE8868214F133F0024FEF7 /* DateInputViewController.swift */,
				9BCE886B214F13780024FEF7 /* DateInputViewModel.swift */,
				9BCE886D214F13820024FEF7 /* DateInputViewController.xib */,
			);
			name = ViewControllers;
			sourceTree = "<group>";
		};
/* End PBXGroup section */

/* Begin PBXNativeTarget section */
		9B933EEC2134E529004DCD3F /* BuGuaApp */ = {
			isa = PBXNativeTarget;
			buildConfigurationList = 9B933F152134E52A004DCD3F /* Build configuration list for PBXNativeTarget "BuGuaApp" */;
			buildPhases = (
				9B933F66213650DD004DCD3F /* Copy Carthage */,
				9B933EE92134E529004DCD3F /* Sources */,
				9B933EEA2134E529004DCD3F /* Frameworks */,
				9B933EEB2134E529004DCD3F /* Resources */,
				9B933F442134FD9A004DCD3F /* Embed Frameworks */,
				34A6D7DB213F88580050B63F /* Remove Unused Architectures */,
				346334522148CA6E001D462B /* Increment Build Number */,
			);
			buildRules = (
			);
			dependencies = (
			);
			name = BuGuaApp;
			productName = BuGuaApp;
			productReference = 9B933EED2134E529004DCD3F /* BuGuaApp.app */;
			productType = "com.apple.product-type.application";
		};
		9B933F002134E52A004DCD3F /* BuGuaAppTests */ = {
			isa = PBXNativeTarget;
			buildConfigurationList = 9B933F182134E52A004DCD3F /* Build configuration list for PBXNativeTarget "BuGuaAppTests" */;
			buildPhases = (
				9B933EFD2134E52A004DCD3F /* Sources */,
				9B933EFE2134E52A004DCD3F /* Frameworks */,
				9B933EFF2134E52A004DCD3F /* Resources */,
				9B933F6921365254004DCD3F /* CopyFiles */,
			);
			buildRules = (
			);
			dependencies = (
				9B933F032134E52A004DCD3F /* PBXTargetDependency */,
			);
			name = BuGuaAppTests;
			productName = BuGuaAppTests;
			productReference = 9B933F012134E52A004DCD3F /* BuGuaAppTests.xctest */;
			productType = "com.apple.product-type.bundle.unit-test";
		};
		9B933F0B2134E52A004DCD3F /* BuGuaAppUITests */ = {
			isa = PBXNativeTarget;
			buildConfigurationList = 9B933F1B2134E52A004DCD3F /* Build configuration list for PBXNativeTarget "BuGuaAppUITests" */;
			buildPhases = (
				9B933F082134E52A004DCD3F /* Sources */,
				9B933F092134E52A004DCD3F /* Frameworks */,
				9B933F0A2134E52A004DCD3F /* Resources */,
			);
			buildRules = (
			);
			dependencies = (
				9B933F0E2134E52A004DCD3F /* PBXTargetDependency */,
			);
			name = BuGuaAppUITests;
			productName = BuGuaAppUITests;
			productReference = 9B933F0C2134E52A004DCD3F /* BuGuaAppUITests.xctest */;
			productType = "com.apple.product-type.bundle.ui-testing";
		};
/* End PBXNativeTarget section */

/* Begin PBXProject section */
		9B933EE52134E529004DCD3F /* Project object */ = {
			isa = PBXProject;
			attributes = {
				LastSwiftUpdateCheck = 1000;
				LastUpgradeCheck = 1000;
				ORGANIZATIONNAME = "Jeffrey Wu";
				TargetAttributes = {
					9B933EEC2134E529004DCD3F = {
						CreatedOnToolsVersion = 10.0;
					};
					9B933F002134E52A004DCD3F = {
						CreatedOnToolsVersion = 10.0;
						TestTargetID = 9B933EEC2134E529004DCD3F;
					};
					9B933F0B2134E52A004DCD3F = {
						CreatedOnToolsVersion = 10.0;
						TestTargetID = 9B933EEC2134E529004DCD3F;
					};
				};
			};
			buildConfigurationList = 9B933EE82134E529004DCD3F /* Build configuration list for PBXProject "BuGuaApp" */;
			compatibilityVersion = "Xcode 9.3";
			developmentRegion = zh_tw;
			hasScannedForEncodings = 0;
			knownRegions = (
				zh_tw,
				en,
				Base,
			);
			mainGroup = 9B933EE42134E529004DCD3F;
			productRefGroup = 9B933EEE2134E529004DCD3F /* Products */;
			projectDirPath = "";
			projectRoot = "";
			targets = (
				9B933EEC2134E529004DCD3F /* BuGuaApp */,
				9B933F002134E52A004DCD3F /* BuGuaAppTests */,
				9B933F0B2134E52A004DCD3F /* BuGuaAppUITests */,
			);
		};
/* End PBXProject section */

/* Begin PBXResourcesBuildPhase section */
		9B933EEB2134E529004DCD3F /* Resources */ = {
			isa = PBXResourcesBuildPhase;
			buildActionMask = 2147483647;
			files = (
				9B933F712137976C004DCD3F /* Colors.xcassets in Resources */,
				9B933EFB2134E52A004DCD3F /* LaunchScreen.storyboard in Resources */,
				9BCB3611213E150500F7FDDE /* GuaXiangViewController.xib in Resources */,
				3413A55E2140BF4B00245C46 /* InputViewController.xib in Resources */,
				9BCE886E214F13820024FEF7 /* DateInputViewController.xib in Resources */,
				34F3E4F92150945C00A9BA2B /* Localizable.strings in Resources */,
				9B933F412134F054004DCD3F /* FuXiBaGuaView.xib in Resources */,
				9B933EF82134E52A004DCD3F /* Assets.xcassets in Resources */,
				9BCE8875214F2E220024FEF7 /* DateGanZhiViewController.xib in Resources */,
				9B933EF62134E529004DCD3F /* Main.storyboard in Resources */,
			);
			runOnlyForDeploymentPostprocessing = 0;
		};
		9B933EFF2134E52A004DCD3F /* Resources */ = {
			isa = PBXResourcesBuildPhase;
			buildActionMask = 2147483647;
			files = (
			);
			runOnlyForDeploymentPostprocessing = 0;
		};
		9B933F0A2134E52A004DCD3F /* Resources */ = {
			isa = PBXResourcesBuildPhase;
			buildActionMask = 2147483647;
			files = (
			);
			runOnlyForDeploymentPostprocessing = 0;
		};
/* End PBXResourcesBuildPhase section */

/* Begin PBXShellScriptBuildPhase section */
		346334522148CA6E001D462B /* Increment Build Number */ = {
			isa = PBXShellScriptBuildPhase;
			buildActionMask = 2147483647;
			files = (
			);
			inputFileListPaths = (
			);
			inputPaths = (
			);
			name = "Increment Build Number";
			outputFileListPaths = (
			);
			outputPaths = (
			);
			runOnlyForDeploymentPostprocessing = 0;
			shellPath = /bin/sh;
			shellScript = "#!/bin/bash\nbranch=${1:-'master'}\nbuildNumber=$(expr $(git rev-list $branch --count) - $(git rev-list HEAD..$branch --count))\necho \"Updating build number to $buildNumber using branch '$branch'.\"\n/usr/libexec/PlistBuddy -c \"Set :CFBundleVersion $buildNumber\" \"${TARGET_BUILD_DIR}/${INFOPLIST_PATH}\"\nif [ -f \"${BUILT_PRODUCTS_DIR}/${WRAPPER_NAME}.dSYM/Contents/Info.plist\" ]; then\n/usr/libexec/PlistBuddy -c \"Set :CFBundleVersion $buildNumber\" \"${BUILT_PRODUCTS_DIR}/${WRAPPER_NAME}.dSYM/Contents/Info.plist\"\nfi\n";
		};
		34A6D7DB213F88580050B63F /* Remove Unused Architectures */ = {
			isa = PBXShellScriptBuildPhase;
			buildActionMask = 2147483647;
			files = (
			);
			inputFileListPaths = (
			);
			inputPaths = (
			);
			name = "Remove Unused Architectures";
			outputFileListPaths = (
			);
			outputPaths = (
			);
			runOnlyForDeploymentPostprocessing = 0;
			shellPath = /bin/sh;
			shellScript = "FRAMEWORK=\"BuGuaKit\"\nFRAMEWORK_EXECUTABLE_PATH=\"${BUILT_PRODUCTS_DIR}/${FRAMEWORKS_FOLDER_PATH}/$FRAMEWORK.framework/$FRAMEWORK\"\nEXTRACTED_ARCHS=()\nfor ARCH in $ARCHS\ndo\nlipo -extract \"$ARCH\" \"$FRAMEWORK_EXECUTABLE_PATH\" -o \"$FRAMEWORK_EXECUTABLE_PATH-$ARCH\"\nEXTRACTED_ARCHS+=(\"$FRAMEWORK_EXECUTABLE_PATH-$ARCH\")\ndone\nlipo -o \"$FRAMEWORK_EXECUTABLE_PATH-merged\" -create \"${EXTRACTED_ARCHS[@]}\"\nrm \"${EXTRACTED_ARCHS[@]}\"\nrm \"$FRAMEWORK_EXECUTABLE_PATH\"\nmv \"$FRAMEWORK_EXECUTABLE_PATH-merged\" \"$FRAMEWORK_EXECUTABLE_PATH\"\n";
		};
		9B933F66213650DD004DCD3F /* Copy Carthage */ = {
			isa = PBXShellScriptBuildPhase;
			buildActionMask = 2147483647;
			files = (
			);
			inputFileListPaths = (
			);
			inputPaths = (
				"$(SRCROOT)/Carthage/Build/iOS/RxCocoa.framework",
				"$(SRCROOT)/Carthage/Build/iOS/RxSwift.framework",
				"$(SRCROOT)/Carthage/Build/iOS/SnapKit.framework",
				"$(SRCROOT)/Carthage/Build/iOS/RxSwiftExt.framework",
			);
			name = "Copy Carthage";
			outputFileListPaths = (
			);
			outputPaths = (
				"$(BUILT_PRODUCTS_DIR)/$(FRAMEWORKS_FOLDER_PATH)/RxSwift.framework",
				"$(BUILT_PRODUCTS_DIR)/$(FRAMEWORKS_FOLDER_PATH)/RxCocoa.framework",
				"$(BUILT_PRODUCTS_DIR)/$(FRAMEWORKS_FOLDER_PATH)/SnapKit.framework",
				"$(BUILT_PRODUCTS_DIR)/$(FRAMEWORKS_FOLDER_PATH)/RxSwiftExt.framework",
			);
			runOnlyForDeploymentPostprocessing = 0;
			shellPath = /bin/sh;
			shellScript = "#!bin/sh\n\n# Type a script or drag a script file from your workspace to insert its path.\n/usr/local/bin/carthage copy-frameworks\n";
		};
/* End PBXShellScriptBuildPhase section */

/* Begin PBXSourcesBuildPhase section */
		9B933EE92134E529004DCD3F /* Sources */ = {
			isa = PBXSourcesBuildPhase;
			buildActionMask = 2147483647;
			files = (
				9B933F6F213794F7004DCD3F /* UIFont+AppFont.swift in Sources */,
				3413A5632140D6FB00245C46 /* NumericTextfieldDelegate.swift in Sources */,
				9BCE8863214F0A590024FEF7 /* GuaXiangInputCoordinatorModel.swift in Sources */,
				9BCE886C214F13780024FEF7 /* DateInputViewModel.swift in Sources */,
				34A13D4D214222E700D77D98 /* IntegerLiuYaoConverter.swift in Sources */,
				341EE5C32143A94A00CB7D53 /* GuaXiangViewLayout.swift in Sources */,
				9B933F3F2134EBBE004DCD3F /* UIView+NibLoadable.swift in Sources */,
				3413A5672140E0BC00245C46 /* AutoNextTextFieldDelegate.swift in Sources */,
				9B933F792138DEE2004DCD3F /* CGPoint+Math.swift in Sources */,
				9BCE8867214F11960024FEF7 /* Coordinator.swift in Sources */,
				3467E8872149EB0200955D69 /* HorizontalDividersView.swift in Sources */,
				3413A5652140D89900245C46 /* CharacterSet+MoreSets.swift in Sources */,
				346334482148A66E001D462B /* Container+Operator.swift in Sources */,
				34F3E4FF2150A84F00A9BA2B /* Rx+Operators.swift in Sources */,
				9B933F3B2134EB01004DCD3F /* FuXiBaGuaView.swift in Sources */,
				3463344D2148B147001D462B /* SixLabelView.swift in Sources */,
				9BCE8874214F2E220024FEF7 /* DateGanZhiViewController.swift in Sources */,
				3413A5692140E0D600245C46 /* ComposableTextfieldDelegate.swift in Sources */,
				9BCB3616213E254900F7FDDE /* AppFactory.swift in Sources */,
				9B933F772137A8C3004DCD3F /* YaoView.swift in Sources */,
				9BCB361A213E30D700F7FDDE /* GuaXiangViewModel.swift in Sources */,
				34A13D4F2142294D00D77D98 /* Int+Conversion.swift in Sources */,
				9BCB3609213E011800F7FDDE /* String+Vertical.swift in Sources */,
				9BCB3618213E2A5800F7FDDE /* GuaXiangCoordinator.swift in Sources */,
				9BCE8869214F133F0024FEF7 /* DateInputViewController.swift in Sources */,
				9BCE8877214F2EB10024FEF7 /* DateGanZhiViewModel.swift in Sources */,
				9BCB360D213E148200F7FDDE /* GuaXiangViewController.swift in Sources */,
				3463344B2148A914001D462B /* ShiYingYaoView.swift in Sources */,
				9B933F6D2136537A004DCD3F /* UIView+Layout.swift in Sources */,
				3463344F2148BD4B001D462B /* HeaderLabelView.swift in Sources */,
				9B933EF32134E529004DCD3F /* ViewController.swift in Sources */,
				9B933F7D2138DF75004DCD3F /* CGSize+Points.swift in Sources */,
				9B933F73213797A2004DCD3F /* UIColor+AppColors.swift in Sources */,
				9B933F5B2135A8B0004DCD3F /* GuaXiangView.swift in Sources */,
				3413A55D2140BF4B00245C46 /* InputViewController.swift in Sources */,
				9BCB3614213E234000F7FDDE /* AppCoordinator.swift in Sources */,
				9BCE8861214EF5220024FEF7 /* GuaXiangInputCoordinator.swift in Sources */,
				9B933EF12134E529004DCD3F /* AppDelegate.swift in Sources */,
				346334462148A52F001D462B /* Array+Convert.swift in Sources */,
				9B933F7B2138DF3B004DCD3F /* CGRect+Points.swift in Sources */,
				3413A5602140BFB900245C46 /* InputViewModel.swift in Sources */,
				34EC158A2153426B00378758 /* ThemeManager.swift in Sources */,
			);
			runOnlyForDeploymentPostprocessing = 0;
		};
		9B933EFD2134E52A004DCD3F /* Sources */ = {
			isa = PBXSourcesBuildPhase;
			buildActionMask = 2147483647;
			files = (
				9B933F062134E52A004DCD3F /* BuGuaAppTests.swift in Sources */,
			);
			runOnlyForDeploymentPostprocessing = 0;
		};
		9B933F082134E52A004DCD3F /* Sources */ = {
			isa = PBXSourcesBuildPhase;
			buildActionMask = 2147483647;
			files = (
				9B933F112134E52A004DCD3F /* BuGuaAppUITests.swift in Sources */,
			);
			runOnlyForDeploymentPostprocessing = 0;
		};
/* End PBXSourcesBuildPhase section */

/* Begin PBXTargetDependency section */
		9B933F032134E52A004DCD3F /* PBXTargetDependency */ = {
			isa = PBXTargetDependency;
			target = 9B933EEC2134E529004DCD3F /* BuGuaApp */;
			targetProxy = 9B933F022134E52A004DCD3F /* PBXContainerItemProxy */;
		};
		9B933F0E2134E52A004DCD3F /* PBXTargetDependency */ = {
			isa = PBXTargetDependency;
			target = 9B933EEC2134E529004DCD3F /* BuGuaApp */;
			targetProxy = 9B933F0D2134E52A004DCD3F /* PBXContainerItemProxy */;
		};
/* End PBXTargetDependency section */

/* Begin PBXVariantGroup section */
		34F3E4FB2150945C00A9BA2B /* Localizable.strings */ = {
			isa = PBXVariantGroup;
			children = (
				34F3E4FA2150945C00A9BA2B /* zh-Hant */,
				34F3E4FD2150953800A9BA2B /* en */,
			);
			name = Localizable.strings;
			sourceTree = "<group>";
		};
		9B933EF42134E529004DCD3F /* Main.storyboard */ = {
			isa = PBXVariantGroup;
			children = (
				9B933EF52134E529004DCD3F /* Base */,
				34F3E4F52150926E00A9BA2B /* zh-Hant */,
			);
			name = Main.storyboard;
			sourceTree = "<group>";
		};
		9B933EF92134E52A004DCD3F /* LaunchScreen.storyboard */ = {
			isa = PBXVariantGroup;
			children = (
				9B933EFA2134E52A004DCD3F /* Base */,
				34F3E4F62150926F00A9BA2B /* zh-Hant */,
			);
			name = LaunchScreen.storyboard;
			sourceTree = "<group>";
		};
/* End PBXVariantGroup section */

/* Begin XCBuildConfiguration section */
		9B933F132134E52A004DCD3F /* Debug */ = {
			isa = XCBuildConfiguration;
			buildSettings = {
				ALWAYS_SEARCH_USER_PATHS = NO;
				CLANG_ANALYZER_LOCALIZABILITY_NONLOCALIZED = YES;
				CLANG_ANALYZER_NONNULL = YES;
				CLANG_ANALYZER_NUMBER_OBJECT_CONVERSION = YES_AGGRESSIVE;
				CLANG_CXX_LANGUAGE_STANDARD = "gnu++14";
				CLANG_CXX_LIBRARY = "libc++";
				CLANG_ENABLE_MODULES = YES;
				CLANG_ENABLE_OBJC_ARC = YES;
				CLANG_ENABLE_OBJC_WEAK = YES;
				CLANG_WARN_BLOCK_CAPTURE_AUTORELEASING = YES;
				CLANG_WARN_BOOL_CONVERSION = YES;
				CLANG_WARN_COMMA = YES;
				CLANG_WARN_CONSTANT_CONVERSION = YES;
				CLANG_WARN_DEPRECATED_OBJC_IMPLEMENTATIONS = YES;
				CLANG_WARN_DIRECT_OBJC_ISA_USAGE = YES_ERROR;
				CLANG_WARN_DOCUMENTATION_COMMENTS = YES;
				CLANG_WARN_EMPTY_BODY = YES;
				CLANG_WARN_ENUM_CONVERSION = YES;
				CLANG_WARN_INFINITE_RECURSION = YES;
				CLANG_WARN_INT_CONVERSION = YES;
				CLANG_WARN_NON_LITERAL_NULL_CONVERSION = YES;
				CLANG_WARN_OBJC_IMPLICIT_RETAIN_SELF = YES;
				CLANG_WARN_OBJC_LITERAL_CONVERSION = YES;
				CLANG_WARN_OBJC_ROOT_CLASS = YES_ERROR;
				CLANG_WARN_RANGE_LOOP_ANALYSIS = YES;
				CLANG_WARN_STRICT_PROTOTYPES = YES;
				CLANG_WARN_SUSPICIOUS_MOVE = YES;
				CLANG_WARN_UNGUARDED_AVAILABILITY = YES_AGGRESSIVE;
				CLANG_WARN_UNREACHABLE_CODE = YES;
				CLANG_WARN__DUPLICATE_METHOD_MATCH = YES;
				CODE_SIGN_IDENTITY = "iPhone Developer";
				COPY_PHASE_STRIP = NO;
				DEBUG_INFORMATION_FORMAT = dwarf;
				ENABLE_STRICT_OBJC_MSGSEND = YES;
				ENABLE_TESTABILITY = YES;
				GCC_C_LANGUAGE_STANDARD = gnu11;
				GCC_DYNAMIC_NO_PIC = NO;
				GCC_NO_COMMON_BLOCKS = YES;
				GCC_OPTIMIZATION_LEVEL = 0;
				GCC_PREPROCESSOR_DEFINITIONS = (
					"DEBUG=1",
					"$(inherited)",
				);
				GCC_WARN_64_TO_32_BIT_CONVERSION = YES;
				GCC_WARN_ABOUT_RETURN_TYPE = YES_ERROR;
				GCC_WARN_UNDECLARED_SELECTOR = YES;
				GCC_WARN_UNINITIALIZED_AUTOS = YES_AGGRESSIVE;
				GCC_WARN_UNUSED_FUNCTION = YES;
				GCC_WARN_UNUSED_VARIABLE = YES;
				IPHONEOS_DEPLOYMENT_TARGET = 11.0;
				MTL_ENABLE_DEBUG_INFO = INCLUDE_SOURCE;
				MTL_FAST_MATH = YES;
				ONLY_ACTIVE_ARCH = YES;
				SDKROOT = iphoneos;
				SWIFT_ACTIVE_COMPILATION_CONDITIONS = DEBUG;
				SWIFT_OPTIMIZATION_LEVEL = "-Onone";
			};
			name = Debug;
		};
		9B933F142134E52A004DCD3F /* Release */ = {
			isa = XCBuildConfiguration;
			buildSettings = {
				ALWAYS_SEARCH_USER_PATHS = NO;
				CLANG_ANALYZER_LOCALIZABILITY_NONLOCALIZED = YES;
				CLANG_ANALYZER_NONNULL = YES;
				CLANG_ANALYZER_NUMBER_OBJECT_CONVERSION = YES_AGGRESSIVE;
				CLANG_CXX_LANGUAGE_STANDARD = "gnu++14";
				CLANG_CXX_LIBRARY = "libc++";
				CLANG_ENABLE_MODULES = YES;
				CLANG_ENABLE_OBJC_ARC = YES;
				CLANG_ENABLE_OBJC_WEAK = YES;
				CLANG_WARN_BLOCK_CAPTURE_AUTORELEASING = YES;
				CLANG_WARN_BOOL_CONVERSION = YES;
				CLANG_WARN_COMMA = YES;
				CLANG_WARN_CONSTANT_CONVERSION = YES;
				CLANG_WARN_DEPRECATED_OBJC_IMPLEMENTATIONS = YES;
				CLANG_WARN_DIRECT_OBJC_ISA_USAGE = YES_ERROR;
				CLANG_WARN_DOCUMENTATION_COMMENTS = YES;
				CLANG_WARN_EMPTY_BODY = YES;
				CLANG_WARN_ENUM_CONVERSION = YES;
				CLANG_WARN_INFINITE_RECURSION = YES;
				CLANG_WARN_INT_CONVERSION = YES;
				CLANG_WARN_NON_LITERAL_NULL_CONVERSION = YES;
				CLANG_WARN_OBJC_IMPLICIT_RETAIN_SELF = YES;
				CLANG_WARN_OBJC_LITERAL_CONVERSION = YES;
				CLANG_WARN_OBJC_ROOT_CLASS = YES_ERROR;
				CLANG_WARN_RANGE_LOOP_ANALYSIS = YES;
				CLANG_WARN_STRICT_PROTOTYPES = YES;
				CLANG_WARN_SUSPICIOUS_MOVE = YES;
				CLANG_WARN_UNGUARDED_AVAILABILITY = YES_AGGRESSIVE;
				CLANG_WARN_UNREACHABLE_CODE = YES;
				CLANG_WARN__DUPLICATE_METHOD_MATCH = YES;
				CODE_SIGN_IDENTITY = "iPhone Developer";
				COPY_PHASE_STRIP = NO;
				DEBUG_INFORMATION_FORMAT = "dwarf-with-dsym";
				ENABLE_NS_ASSERTIONS = NO;
				ENABLE_STRICT_OBJC_MSGSEND = YES;
				GCC_C_LANGUAGE_STANDARD = gnu11;
				GCC_NO_COMMON_BLOCKS = YES;
				GCC_WARN_64_TO_32_BIT_CONVERSION = YES;
				GCC_WARN_ABOUT_RETURN_TYPE = YES_ERROR;
				GCC_WARN_UNDECLARED_SELECTOR = YES;
				GCC_WARN_UNINITIALIZED_AUTOS = YES_AGGRESSIVE;
				GCC_WARN_UNUSED_FUNCTION = YES;
				GCC_WARN_UNUSED_VARIABLE = YES;
				IPHONEOS_DEPLOYMENT_TARGET = 11.0;
				MTL_ENABLE_DEBUG_INFO = NO;
				MTL_FAST_MATH = YES;
				SDKROOT = iphoneos;
				SWIFT_COMPILATION_MODE = wholemodule;
				SWIFT_OPTIMIZATION_LEVEL = "-O";
				VALIDATE_PRODUCT = YES;
			};
			name = Release;
		};
		9B933F162134E52A004DCD3F /* Debug */ = {
			isa = XCBuildConfiguration;
			buildSettings = {
				ASSETCATALOG_COMPILER_APPICON_NAME = AppIcon;
				CODE_SIGN_STYLE = Automatic;
				DEVELOPMENT_TEAM = 77Q2XB2RSV;
				FRAMEWORK_SEARCH_PATHS = (
					"$(inherited)",
					"$(PROJECT_DIR)",
					"$(PROJECT_DIR)/Carthage/Build/iOS",
				);
				INFOPLIST_FILE = BuGuaApp/Info.plist;
				IPHONEOS_DEPLOYMENT_TARGET = 11.0;
				LD_RUNPATH_SEARCH_PATHS = (
					"$(inherited)",
					"@executable_path/Frameworks",
				);
				PRODUCT_BUNDLE_IDENTIFIER = com.cheeseonhead.BuGuaApp;
				PRODUCT_NAME = "$(TARGET_NAME)";
				SWIFT_VERSION = 4.2;
				TARGETED_DEVICE_FAMILY = "1,2";
			};
			name = Debug;
		};
		9B933F172134E52A004DCD3F /* Release */ = {
			isa = XCBuildConfiguration;
			buildSettings = {
				ASSETCATALOG_COMPILER_APPICON_NAME = AppIcon;
				CODE_SIGN_STYLE = Automatic;
				DEVELOPMENT_TEAM = 77Q2XB2RSV;
				FRAMEWORK_SEARCH_PATHS = (
					"$(inherited)",
					"$(PROJECT_DIR)",
					"$(PROJECT_DIR)/Carthage/Build/iOS",
				);
				INFOPLIST_FILE = BuGuaApp/Info.plist;
				IPHONEOS_DEPLOYMENT_TARGET = 11.0;
				LD_RUNPATH_SEARCH_PATHS = (
					"$(inherited)",
					"@executable_path/Frameworks",
				);
				PRODUCT_BUNDLE_IDENTIFIER = com.cheeseonhead.BuGuaApp;
				PRODUCT_NAME = "$(TARGET_NAME)";
				SWIFT_VERSION = 4.2;
				TARGETED_DEVICE_FAMILY = "1,2";
			};
			name = Release;
		};
		9B933F192134E52A004DCD3F /* Debug */ = {
			isa = XCBuildConfiguration;
			buildSettings = {
				ALWAYS_EMBED_SWIFT_STANDARD_LIBRARIES = YES;
				BUNDLE_LOADER = "$(TEST_HOST)";
				CODE_SIGN_STYLE = Automatic;
				DEVELOPMENT_TEAM = 77Q2XB2RSV;
				FRAMEWORK_SEARCH_PATHS = (
					"$(inherited)",
					"$(PROJECT_DIR)/Carthage/Build/iOS",
				);
				INFOPLIST_FILE = BuGuaAppTests/Info.plist;
				LD_RUNPATH_SEARCH_PATHS = (
					"$(inherited)",
					"@executable_path/Frameworks",
					"@loader_path/Frameworks",
				);
				PRODUCT_BUNDLE_IDENTIFIER = com.cheeseonhead.BuGuaAppTests;
				PRODUCT_NAME = "$(TARGET_NAME)";
				SWIFT_VERSION = 4.2;
				TARGETED_DEVICE_FAMILY = "1,2";
				TEST_HOST = "$(BUILT_PRODUCTS_DIR)/BuGuaApp.app/BuGuaApp";
			};
			name = Debug;
		};
		9B933F1A2134E52A004DCD3F /* Release */ = {
			isa = XCBuildConfiguration;
			buildSettings = {
				ALWAYS_EMBED_SWIFT_STANDARD_LIBRARIES = YES;
				BUNDLE_LOADER = "$(TEST_HOST)";
				CODE_SIGN_STYLE = Automatic;
				DEVELOPMENT_TEAM = 77Q2XB2RSV;
				FRAMEWORK_SEARCH_PATHS = (
					"$(inherited)",
					"$(PROJECT_DIR)/Carthage/Build/iOS",
				);
				INFOPLIST_FILE = BuGuaAppTests/Info.plist;
				LD_RUNPATH_SEARCH_PATHS = (
					"$(inherited)",
					"@executable_path/Frameworks",
					"@loader_path/Frameworks",
				);
				PRODUCT_BUNDLE_IDENTIFIER = com.cheeseonhead.BuGuaAppTests;
				PRODUCT_NAME = "$(TARGET_NAME)";
				SWIFT_VERSION = 4.2;
				TARGETED_DEVICE_FAMILY = "1,2";
				TEST_HOST = "$(BUILT_PRODUCTS_DIR)/BuGuaApp.app/BuGuaApp";
			};
			name = Release;
		};
		9B933F1C2134E52A004DCD3F /* Debug */ = {
			isa = XCBuildConfiguration;
			buildSettings = {
				ALWAYS_EMBED_SWIFT_STANDARD_LIBRARIES = YES;
				CODE_SIGN_STYLE = Automatic;
				DEVELOPMENT_TEAM = 77Q2XB2RSV;
				INFOPLIST_FILE = BuGuaAppUITests/Info.plist;
				LD_RUNPATH_SEARCH_PATHS = (
					"$(inherited)",
					"@executable_path/Frameworks",
					"@loader_path/Frameworks",
				);
				PRODUCT_BUNDLE_IDENTIFIER = com.cheeseonhead.BuGuaAppUITests;
				PRODUCT_NAME = "$(TARGET_NAME)";
				SWIFT_VERSION = 4.2;
				TARGETED_DEVICE_FAMILY = "1,2";
				TEST_TARGET_NAME = BuGuaApp;
			};
			name = Debug;
		};
		9B933F1D2134E52A004DCD3F /* Release */ = {
			isa = XCBuildConfiguration;
			buildSettings = {
				ALWAYS_EMBED_SWIFT_STANDARD_LIBRARIES = YES;
				CODE_SIGN_STYLE = Automatic;
				DEVELOPMENT_TEAM = 77Q2XB2RSV;
				INFOPLIST_FILE = BuGuaAppUITests/Info.plist;
				LD_RUNPATH_SEARCH_PATHS = (
					"$(inherited)",
					"@executable_path/Frameworks",
					"@loader_path/Frameworks",
				);
				PRODUCT_BUNDLE_IDENTIFIER = com.cheeseonhead.BuGuaAppUITests;
				PRODUCT_NAME = "$(TARGET_NAME)";
				SWIFT_VERSION = 4.2;
				TARGETED_DEVICE_FAMILY = "1,2";
				TEST_TARGET_NAME = BuGuaApp;
			};
			name = Release;
		};
/* End XCBuildConfiguration section */

/* Begin XCConfigurationList section */
		9B933EE82134E529004DCD3F /* Build configuration list for PBXProject "BuGuaApp" */ = {
			isa = XCConfigurationList;
			buildConfigurations = (
				9B933F132134E52A004DCD3F /* Debug */,
				9B933F142134E52A004DCD3F /* Release */,
			);
			defaultConfigurationIsVisible = 0;
			defaultConfigurationName = Release;
		};
		9B933F152134E52A004DCD3F /* Build configuration list for PBXNativeTarget "BuGuaApp" */ = {
			isa = XCConfigurationList;
			buildConfigurations = (
				9B933F162134E52A004DCD3F /* Debug */,
				9B933F172134E52A004DCD3F /* Release */,
			);
			defaultConfigurationIsVisible = 0;
			defaultConfigurationName = Release;
		};
		9B933F182134E52A004DCD3F /* Build configuration list for PBXNativeTarget "BuGuaAppTests" */ = {
			isa = XCConfigurationList;
			buildConfigurations = (
				9B933F192134E52A004DCD3F /* Debug */,
				9B933F1A2134E52A004DCD3F /* Release */,
			);
			defaultConfigurationIsVisible = 0;
			defaultConfigurationName = Release;
		};
		9B933F1B2134E52A004DCD3F /* Build configuration list for PBXNativeTarget "BuGuaAppUITests" */ = {
			isa = XCConfigurationList;
			buildConfigurations = (
				9B933F1C2134E52A004DCD3F /* Debug */,
				9B933F1D2134E52A004DCD3F /* Release */,
			);
			defaultConfigurationIsVisible = 0;
			defaultConfigurationName = Release;
		};
/* End XCConfigurationList section */
	};
	rootObject = 9B933EE52134E529004DCD3F /* Project object */;
}
